# THIS IS AN AUTOGENERATED FILE. DO NOT EDIT THIS FILE DIRECTLY.
# yarn lockfile v1


lodash@^4.17.20:
  version "4.17.20"
  resolved "https://registry.npm.taobao.org/lodash/download/lodash-4.17.20.tgz?cache=0&sync_timestamp=1597336053864&other_urls=https%3A%2F%2Fregistry.npm.taobao.org%2Flodash%2Fdownload%2Flodash-4.17.20.tgz#b44a9b6297bcb698f1c51a3545a2b3b368d59c52"
  integrity sha1-tEqbYpe8tpjxxRo1RaKzs2jVnFI=

vant-weapp@^0.5.19:
  version "0.5.28"
  resolved "https://registry.npm.taobao.org/vant-weapp/download/vant-weapp-0.5.28.tgz#426edb8aec5284a1a7beab1b5e9cb73e5144c41b"
  integrity sha1-Qm7biuxShKGnvqsbXpy3PlFExBs=
